// !$*UTF8*$!
{
	archiveVersion = 1;
	classes = {
	};
	objectVersion = 45;
	objects = {

/* Begin PBXBuildFile section */
		5B62DC220F6AD7E900F18E8D /* liblqio.dylib in Frameworks */ = {isa = PBXBuildFile; fileRef = 5B62DC210F6AD7E900F18E8D /* liblqio.dylib */; };
		5B62DC2D0F6AD9F600F18E8D /* liblqx.dylib in Frameworks */ = {isa = PBXBuildFile; fileRef = 5B62DC2C0F6AD9F600F18E8D /* liblqx.dylib */; };
		5B7207B80F6ED4F500ABF852 /* vector.cc in Sources */ = {isa = PBXBuildFile; fileRef = 5B7207690F6ED4F500ABF852 /* vector.cc */; };
		5B7207B90F6ED4F500ABF852 /* variance.cc in Sources */ = {isa = PBXBuildFile; fileRef = 5B72076B0F6ED4F500ABF852 /* variance.cc */; };
		5B7207BA0F6ED4F500ABF852 /* task.cc in Sources */ = {isa = PBXBuildFile; fileRef = 5B72076D0F6ED4F500ABF852 /* task.cc */; };
		5B7207BC0F6ED4F500ABF852 /* submodel.cc in Sources */ = {isa = PBXBuildFile; fileRef = 5B7207710F6ED4F500ABF852 /* submodel.cc */; };
		5B7207BD0F6ED4F500ABF852 /* synmodel.cc in Sources */ = {isa = PBXBuildFile; fileRef = 5B7207740F6ED4F500ABF852 /* synmodel.cc */; };
		5B7207BE0F6ED4F500ABF852 /* store.cc in Sources */ = {isa = PBXBuildFile; fileRef = 5B7207750F6ED4F500ABF852 /* store.cc */; };
		5B7207BF0F6ED4F500ABF852 /* stack.cc in Sources */ = {isa = PBXBuildFile; fileRef = 5B7207770F6ED4F500ABF852 /* stack.cc */; };
		5B7207C00F6ED4F500ABF852 /* slice.cc in Sources */ = {isa = PBXBuildFile; fileRef = 5B7207790F6ED4F500ABF852 /* slice.cc */; };
		5B7207C10F6ED4F500ABF852 /* report.cc in Sources */ = {isa = PBXBuildFile; fileRef = 5B72077B0F6ED4F500ABF852 /* report.cc */; };
		5B7207C20F6ED4F500ABF852 /* server.cc in Sources */ = {isa = PBXBuildFile; fileRef = 5B72077D0F6ED4F500ABF852 /* server.cc */; };
		5B7207C30F6ED4F500ABF852 /* proc.cc in Sources */ = {isa = PBXBuildFile; fileRef = 5B72077F0F6ED4F500ABF852 /* proc.cc */; };
		5B7207C40F6ED4F500ABF852 /* prob.cc in Sources */ = {isa = PBXBuildFile; fileRef = 5B7207810F6ED4F500ABF852 /* prob.cc */; };
		5B7207C50F6ED4F500ABF852 /* randomvar.cc in Sources */ = {isa = PBXBuildFile; fileRef = 5B7207840F6ED4F500ABF852 /* randomvar.cc */; };
		5B7207C60F6ED4F500ABF852 /* pragma.cc in Sources */ = {isa = PBXBuildFile; fileRef = 5B7207850F6ED4F500ABF852 /* pragma.cc */; };
		5B7207C70F6ED4F500ABF852 /* phase.cc in Sources */ = {isa = PBXBuildFile; fileRef = 5B7207870F6ED4F500ABF852 /* phase.cc */; };
		5B7207C80F6ED4F500ABF852 /* pop.cc in Sources */ = {isa = PBXBuildFile; fileRef = 5B72078A0F6ED4F500ABF852 /* pop.cc */; };
		5B7207C90F6ED4F500ABF852 /* overtake.cc in Sources */ = {isa = PBXBuildFile; fileRef = 5B72078B0F6ED4F500ABF852 /* overtake.cc */; };
		5B7207CA0F6ED4F500ABF852 /* ph2serv.cc in Sources */ = {isa = PBXBuildFile; fileRef = 5B72078D0F6ED4F500ABF852 /* ph2serv.cc */; };
		5B7207CB0F6ED4F500ABF852 /* open.cc in Sources */ = {isa = PBXBuildFile; fileRef = 5B72078F0F6ED4F500ABF852 /* open.cc */; };
		5B7207CC0F6ED4F500ABF852 /* mva.cc in Sources */ = {isa = PBXBuildFile; fileRef = 5B7207900F6ED4F500ABF852 /* mva.cc */; };
		5B7207CD0F6ED4F500ABF852 /* multserv.cc in Sources */ = {isa = PBXBuildFile; fileRef = 5B7207940F6ED4F500ABF852 /* multserv.cc */; };
		5B7207CE0F6ED4F500ABF852 /* lqns.cc in Sources */ = {isa = PBXBuildFile; fileRef = 5B7207950F6ED4F500ABF852 /* lqns.cc */; };
		5B7207CF0F6ED4F500ABF852 /* load.cc in Sources */ = {isa = PBXBuildFile; fileRef = 5B7207960F6ED4F500ABF852 /* load.cc */; };
		5B7207D00F6ED4F500ABF852 /* layerize.cc in Sources */ = {isa = PBXBuildFile; fileRef = 5B7207980F6ED4F500ABF852 /* layerize.cc */; };
		5B7207D10F6ED4F500ABF852 /* interlock.cc in Sources */ = {isa = PBXBuildFile; fileRef = 5B72079A0F6ED4F500ABF852 /* interlock.cc */; };
		5B7207D20F6ED4F500ABF852 /* help.cc in Sources */ = {isa = PBXBuildFile; fileRef = 5B72079D0F6ED4F500ABF852 /* help.cc */; };
		5B7207D30F6ED4F500ABF852 /* generate.cc in Sources */ = {isa = PBXBuildFile; fileRef = 5B72079F0F6ED4F500ABF852 /* generate.cc */; };
		5B7207D40F6ED4F500ABF852 /* fpgoop.cc in Sources */ = {isa = PBXBuildFile; fileRef = 5B7207A10F6ED4F500ABF852 /* fpgoop.cc */; };
		5B7207D50F6ED4F500ABF852 /* group.cc in Sources */ = {isa = PBXBuildFile; fileRef = 5B7207A40F6ED4F500ABF852 /* group.cc */; };
		5B7207D60F6ED4F500ABF852 /* format.cc in Sources */ = {isa = PBXBuildFile; fileRef = 5B7207A50F6ED4F500ABF852 /* format.cc */; };
		5B7207D70F6ED4F500ABF852 /* errmsg.cc in Sources */ = {isa = PBXBuildFile; fileRef = 5B7207A70F6ED4F500ABF852 /* errmsg.cc */; };
		5B7207D80F6ED4F500ABF852 /* entrythread.cc in Sources */ = {isa = PBXBuildFile; fileRef = 5B7207A90F6ED4F500ABF852 /* entrythread.cc */; };
		5B7207D90F6ED4F500ABF852 /* entity.cc in Sources */ = {isa = PBXBuildFile; fileRef = 5B7207AB0F6ED4F500ABF852 /* entity.cc */; };
		5B7207DA0F6ED4F500ABF852 /* entry.cc in Sources */ = {isa = PBXBuildFile; fileRef = 5B7207AD0F6ED4F500ABF852 /* entry.cc */; };
		5B7207DB0F6ED4F500ABF852 /* dim.cc in Sources */ = {isa = PBXBuildFile; fileRef = 5B7207AF0F6ED4F500ABF852 /* dim.cc */; };
		5B7207DC0F6ED4F500ABF852 /* call.cc in Sources */ = {isa = PBXBuildFile; fileRef = 5B7207B20F6ED4F500ABF852 /* call.cc */; };
		5B7207DD0F6ED4F500ABF852 /* cltn.cc in Sources */ = {isa = PBXBuildFile; fileRef = 5B7207B30F6ED4F500ABF852 /* cltn.cc */; };
		5B7207DE0F6ED4F500ABF852 /* activity.cc in Sources */ = {isa = PBXBuildFile; fileRef = 5B7207B50F6ED4F500ABF852 /* activity.cc */; };
		5B7207DF0F6ED4F500ABF852 /* actlist.cc in Sources */ = {isa = PBXBuildFile; fileRef = 5B7207B70F6ED4F500ABF852 /* actlist.cc */; };
		8DD76F6A0486A84900D96B5E /* lqns2.1 in CopyFiles */ = {isa = PBXBuildFile; fileRef = C6859E8B029090EE04C91782 /* lqns2.1 */; };
/* End PBXBuildFile section */

/* Begin PBXCopyFilesBuildPhase section */
		8DD76F690486A84900D96B5E /* CopyFiles */ = {
			isa = PBXCopyFilesBuildPhase;
			buildActionMask = 8;
			dstPath = /usr/share/man/man1/;
			dstSubfolderSpec = 0;
			files = (
				8DD76F6A0486A84900D96B5E /* lqns2.1 in CopyFiles */,
			);
			runOnlyForDeploymentPostprocessing = 1;
		};
/* End PBXCopyFilesBuildPhase section */

/* Begin PBXFileReference section */
		5B62DC210F6AD7E900F18E8D /* liblqio.dylib */ = {isa = PBXFileReference; lastKnownFileType = "compiled.mach-o.dylib"; name = liblqio.dylib; path = ../../lqiolib/src/.libs/liblqio.dylib; sourceTree = SOURCE_ROOT; };
		5B62DC2C0F6AD9F600F18E8D /* liblqx.dylib */ = {isa = PBXFileReference; lastKnownFileType = "compiled.mach-o.dylib"; name = liblqx.dylib; path = ../../lqx/libsrc/.libs/liblqx.dylib; sourceTree = SOURCE_ROOT; };
		5B7207680F6ED4F500ABF852 /* vector.h */ = {isa = PBXFileReference; fileEncoding = 4; lastKnownFileType = sourcecode.c.h; name = vector.h; path = ../vector.h; sourceTree = SOURCE_ROOT; };
		5B7207690F6ED4F500ABF852 /* vector.cc */ = {isa = PBXFileReference; fileEncoding = 4; lastKnownFileType = sourcecode.cpp.cpp; name = vector.cc; path = ../vector.cc; sourceTree = SOURCE_ROOT; };
		5B72076A0F6ED4F500ABF852 /* variance.h */ = {isa = PBXFileReference; fileEncoding = 4; lastKnownFileType = sourcecode.c.h; name = variance.h; path = ../variance.h; sourceTree = SOURCE_ROOT; };
		5B72076B0F6ED4F500ABF852 /* variance.cc */ = {isa = PBXFileReference; fileEncoding = 4; lastKnownFileType = sourcecode.cpp.cpp; name = variance.cc; path = ../variance.cc; sourceTree = SOURCE_ROOT; };
		5B72076C0F6ED4F500ABF852 /* task.h */ = {isa = PBXFileReference; fileEncoding = 4; lastKnownFileType = sourcecode.c.h; name = task.h; path = ../task.h; sourceTree = SOURCE_ROOT; };
		5B72076D0F6ED4F500ABF852 /* task.cc */ = {isa = PBXFileReference; fileEncoding = 4; lastKnownFileType = sourcecode.cpp.cpp; name = task.cc; path = ../task.cc; sourceTree = SOURCE_ROOT; };
		5B72076E0F6ED4F500ABF852 /* synmodel.h */ = {isa = PBXFileReference; fileEncoding = 4; lastKnownFileType = sourcecode.c.h; name = synmodel.h; path = ../synmodel.h; sourceTree = SOURCE_ROOT; };
		5B72076F0F6ED4F500ABF852 /* syncserv.cc */ = {isa = PBXFileReference; fileEncoding = 4; lastKnownFileType = sourcecode.cpp.cpp; name = syncserv.cc; path = ../syncserv.cc; sourceTree = SOURCE_ROOT; };
		5B7207700F6ED4F500ABF852 /* store.h */ = {isa = PBXFileReference; fileEncoding = 4; lastKnownFileType = sourcecode.c.h; name = store.h; path = ../store.h; sourceTree = SOURCE_ROOT; };
		5B7207710F6ED4F500ABF852 /* submodel.cc */ = {isa = PBXFileReference; fileEncoding = 4; lastKnownFileType = sourcecode.cpp.cpp; name = submodel.cc; path = ../submodel.cc; sourceTree = SOURCE_ROOT; };
		5B7207720F6ED4F500ABF852 /* syncserv.h */ = {isa = PBXFileReference; fileEncoding = 4; lastKnownFileType = sourcecode.c.h; name = syncserv.h; path = ../syncserv.h; sourceTree = SOURCE_ROOT; };
		5B7207730F6ED4F500ABF852 /* submodel.h */ = {isa = PBXFileReference; fileEncoding = 4; lastKnownFileType = sourcecode.c.h; name = submodel.h; path = ../submodel.h; sourceTree = SOURCE_ROOT; };
		5B7207740F6ED4F500ABF852 /* synmodel.cc */ = {isa = PBXFileReference; fileEncoding = 4; lastKnownFileType = sourcecode.cpp.cpp; name = synmodel.cc; path = ../synmodel.cc; sourceTree = SOURCE_ROOT; };
		5B7207750F6ED4F500ABF852 /* store.cc */ = {isa = PBXFileReference; fileEncoding = 4; lastKnownFileType = sourcecode.cpp.cpp; name = store.cc; path = ../store.cc; sourceTree = SOURCE_ROOT; };
		5B7207760F6ED4F500ABF852 /* stack.h */ = {isa = PBXFileReference; fileEncoding = 4; lastKnownFileType = sourcecode.c.h; name = stack.h; path = ../stack.h; sourceTree = SOURCE_ROOT; };
		5B7207770F6ED4F500ABF852 /* stack.cc */ = {isa = PBXFileReference; fileEncoding = 4; lastKnownFileType = sourcecode.cpp.cpp; name = stack.cc; path = ../stack.cc; sourceTree = SOURCE_ROOT; };
		5B7207780F6ED4F500ABF852 /* server.h */ = {isa = PBXFileReference; fileEncoding = 4; lastKnownFileType = sourcecode.c.h; name = server.h; path = ../server.h; sourceTree = SOURCE_ROOT; };
		5B7207790F6ED4F500ABF852 /* slice.cc */ = {isa = PBXFileReference; fileEncoding = 4; lastKnownFileType = sourcecode.cpp.cpp; name = slice.cc; path = ../slice.cc; sourceTree = SOURCE_ROOT; };
		5B72077A0F6ED4F500ABF852 /* slice.h */ = {isa = PBXFileReference; fileEncoding = 4; lastKnownFileType = sourcecode.c.h; name = slice.h; path = ../slice.h; sourceTree = SOURCE_ROOT; };
		5B72077B0F6ED4F500ABF852 /* report.cc */ = {isa = PBXFileReference; fileEncoding = 4; lastKnownFileType = sourcecode.cpp.cpp; name = report.cc; path = ../report.cc; sourceTree = SOURCE_ROOT; };
		5B72077C0F6ED4F500ABF852 /* report.h */ = {isa = PBXFileReference; fileEncoding = 4; lastKnownFileType = sourcecode.c.h; name = report.h; path = ../report.h; sourceTree = SOURCE_ROOT; };
		5B72077D0F6ED4F500ABF852 /* server.cc */ = {isa = PBXFileReference; fileEncoding = 4; lastKnownFileType = sourcecode.cpp.cpp; name = server.cc; path = ../server.cc; sourceTree = SOURCE_ROOT; };
		5B72077E0F6ED4F500ABF852 /* randomvar.h */ = {isa = PBXFileReference; fileEncoding = 4; lastKnownFileType = sourcecode.c.h; name = randomvar.h; path = ../randomvar.h; sourceTree = SOURCE_ROOT; };
		5B72077F0F6ED4F500ABF852 /* proc.cc */ = {isa = PBXFileReference; fileEncoding = 4; lastKnownFileType = sourcecode.cpp.cpp; name = proc.cc; path = ../proc.cc; sourceTree = SOURCE_ROOT; };
		5B7207800F6ED4F500ABF852 /* pragma.h */ = {isa = PBXFileReference; fileEncoding = 4; lastKnownFileType = sourcecode.c.h; name = pragma.h; path = ../pragma.h; sourceTree = SOURCE_ROOT; };
		5B7207810F6ED4F500ABF852 /* prob.cc */ = {isa = PBXFileReference; fileEncoding = 4; lastKnownFileType = sourcecode.cpp.cpp; name = prob.cc; path = ../prob.cc; sourceTree = SOURCE_ROOT; };
		5B7207820F6ED4F500ABF852 /* proc.h */ = {isa = PBXFileReference; fileEncoding = 4; lastKnownFileType = sourcecode.c.h; name = proc.h; path = ../proc.h; sourceTree = SOURCE_ROOT; };
		5B7207830F6ED4F500ABF852 /* prob.h */ = {isa = PBXFileReference; fileEncoding = 4; lastKnownFileType = sourcecode.c.h; name = prob.h; path = ../prob.h; sourceTree = SOURCE_ROOT; };
		5B7207840F6ED4F500ABF852 /* randomvar.cc */ = {isa = PBXFileReference; fileEncoding = 4; lastKnownFileType = sourcecode.cpp.cpp; name = randomvar.cc; path = ../randomvar.cc; sourceTree = SOURCE_ROOT; };
		5B7207850F6ED4F500ABF852 /* pragma.cc */ = {isa = PBXFileReference; fileEncoding = 4; lastKnownFileType = sourcecode.cpp.cpp; name = pragma.cc; path = ../pragma.cc; sourceTree = SOURCE_ROOT; };
		5B7207860F6ED4F500ABF852 /* pop.h */ = {isa = PBXFileReference; fileEncoding = 4; lastKnownFileType = sourcecode.c.h; name = pop.h; path = ../pop.h; sourceTree = SOURCE_ROOT; };
		5B7207870F6ED4F500ABF852 /* phase.cc */ = {isa = PBXFileReference; fileEncoding = 4; lastKnownFileType = sourcecode.cpp.cpp; name = phase.cc; path = ../phase.cc; sourceTree = SOURCE_ROOT; };
		5B7207880F6ED4F500ABF852 /* phase.h */ = {isa = PBXFileReference; fileEncoding = 4; lastKnownFileType = sourcecode.c.h; name = phase.h; path = ../phase.h; sourceTree = SOURCE_ROOT; };
		5B7207890F6ED4F500ABF852 /* ph2serv.h */ = {isa = PBXFileReference; fileEncoding = 4; lastKnownFileType = sourcecode.c.h; name = ph2serv.h; path = ../ph2serv.h; sourceTree = SOURCE_ROOT; };
		5B72078A0F6ED4F500ABF852 /* pop.cc */ = {isa = PBXFileReference; fileEncoding = 4; lastKnownFileType = sourcecode.cpp.cpp; name = pop.cc; path = ../pop.cc; sourceTree = SOURCE_ROOT; };
		5B72078B0F6ED4F500ABF852 /* overtake.cc */ = {isa = PBXFileReference; fileEncoding = 4; lastKnownFileType = sourcecode.cpp.cpp; name = overtake.cc; path = ../overtake.cc; sourceTree = SOURCE_ROOT; };
		5B72078C0F6ED4F500ABF852 /* overtake.h */ = {isa = PBXFileReference; fileEncoding = 4; lastKnownFileType = sourcecode.c.h; name = overtake.h; path = ../overtake.h; sourceTree = SOURCE_ROOT; };
		5B72078D0F6ED4F500ABF852 /* ph2serv.cc */ = {isa = PBXFileReference; fileEncoding = 4; lastKnownFileType = sourcecode.cpp.cpp; name = ph2serv.cc; path = ../ph2serv.cc; sourceTree = SOURCE_ROOT; };
		5B72078E0F6ED4F500ABF852 /* open.h */ = {isa = PBXFileReference; fileEncoding = 4; lastKnownFileType = sourcecode.c.h; name = open.h; path = ../open.h; sourceTree = SOURCE_ROOT; };
		5B72078F0F6ED4F500ABF852 /* open.cc */ = {isa = PBXFileReference; fileEncoding = 4; lastKnownFileType = sourcecode.cpp.cpp; name = open.cc; path = ../open.cc; sourceTree = SOURCE_ROOT; };
		5B7207900F6ED4F500ABF852 /* mva.cc */ = {isa = PBXFileReference; fileEncoding = 4; lastKnownFileType = sourcecode.cpp.cpp; name = mva.cc; path = ../mva.cc; sourceTree = SOURCE_ROOT; };
		5B7207910F6ED4F500ABF852 /* mva.h */ = {isa = PBXFileReference; fileEncoding = 4; lastKnownFileType = sourcecode.c.h; name = mva.h; path = ../mva.h; sourceTree = SOURCE_ROOT; };
		5B7207920F6ED4F500ABF852 /* multserv.h */ = {isa = PBXFileReference; fileEncoding = 4; lastKnownFileType = sourcecode.c.h; name = multserv.h; path = ../multserv.h; sourceTree = SOURCE_ROOT; };
		5B7207930F6ED4F500ABF852 /* lqns.h */ = {isa = PBXFileReference; fileEncoding = 4; lastKnownFileType = sourcecode.c.h; name = lqns.h; path = ../lqns.h; sourceTree = SOURCE_ROOT; };
		5B7207940F6ED4F500ABF852 /* multserv.cc */ = {isa = PBXFileReference; fileEncoding = 4; lastKnownFileType = sourcecode.cpp.cpp; name = multserv.cc; path = ../multserv.cc; sourceTree = SOURCE_ROOT; };
		5B7207950F6ED4F500ABF852 /* lqns.cc */ = {isa = PBXFileReference; fileEncoding = 4; lastKnownFileType = sourcecode.cpp.cpp; name = lqns.cc; path = ../lqns.cc; sourceTree = SOURCE_ROOT; };
		5B7207960F6ED4F500ABF852 /* load.cc */ = {isa = PBXFileReference; fileEncoding = 4; lastKnownFileType = sourcecode.cpp.cpp; name = load.cc; path = ../load.cc; sourceTree = SOURCE_ROOT; };
		5B7207970F6ED4F500ABF852 /* load.h */ = {isa = PBXFileReference; fileEncoding = 4; lastKnownFileType = sourcecode.c.h; name = load.h; path = ../load.h; sourceTree = SOURCE_ROOT; };
		5B7207980F6ED4F500ABF852 /* layerize.cc */ = {isa = PBXFileReference; fileEncoding = 4; lastKnownFileType = sourcecode.cpp.cpp; name = layerize.cc; path = ../layerize.cc; sourceTree = SOURCE_ROOT; };
		5B7207990F6ED4F500ABF852 /* layerize.h */ = {isa = PBXFileReference; fileEncoding = 4; lastKnownFileType = sourcecode.c.h; name = layerize.h; path = ../layerize.h; sourceTree = SOURCE_ROOT; };
		5B72079A0F6ED4F500ABF852 /* interlock.cc */ = {isa = PBXFileReference; fileEncoding = 4; lastKnownFileType = sourcecode.cpp.cpp; name = interlock.cc; path = ../interlock.cc; sourceTree = SOURCE_ROOT; };
		5B72079B0F6ED4F500ABF852 /* interlock.h */ = {isa = PBXFileReference; fileEncoding = 4; lastKnownFileType = sourcecode.c.h; name = interlock.h; path = ../interlock.h; sourceTree = SOURCE_ROOT; };
		5B72079C0F6ED4F500ABF852 /* help.h */ = {isa = PBXFileReference; fileEncoding = 4; lastKnownFileType = sourcecode.c.h; name = help.h; path = ../help.h; sourceTree = SOURCE_ROOT; };
		5B72079D0F6ED4F500ABF852 /* help.cc */ = {isa = PBXFileReference; fileEncoding = 4; lastKnownFileType = sourcecode.cpp.cpp; name = help.cc; path = ../help.cc; sourceTree = SOURCE_ROOT; };
		5B72079E0F6ED4F500ABF852 /* group.h */ = {isa = PBXFileReference; fileEncoding = 4; lastKnownFileType = sourcecode.c.h; name = group.h; path = ../group.h; sourceTree = SOURCE_ROOT; };
		5B72079F0F6ED4F500ABF852 /* generate.cc */ = {isa = PBXFileReference; fileEncoding = 4; lastKnownFileType = sourcecode.cpp.cpp; name = generate.cc; path = ../generate.cc; sourceTree = SOURCE_ROOT; };
		5B7207A00F6ED4F500ABF852 /* format.h */ = {isa = PBXFileReference; fileEncoding = 4; lastKnownFileType = sourcecode.c.h; name = format.h; path = ../format.h; sourceTree = SOURCE_ROOT; };
		5B7207A10F6ED4F500ABF852 /* fpgoop.cc */ = {isa = PBXFileReference; fileEncoding = 4; lastKnownFileType = sourcecode.cpp.cpp; name = fpgoop.cc; path = ../fpgoop.cc; sourceTree = SOURCE_ROOT; };
		5B7207A20F6ED4F500ABF852 /* generate.h */ = {isa = PBXFileReference; fileEncoding = 4; lastKnownFileType = sourcecode.c.h; name = generate.h; path = ../generate.h; sourceTree = SOURCE_ROOT; };
		5B7207A30F6ED4F500ABF852 /* fpgoop.h */ = {isa = PBXFileReference; fileEncoding = 4; lastKnownFileType = sourcecode.c.h; name = fpgoop.h; path = ../fpgoop.h; sourceTree = SOURCE_ROOT; };
		5B7207A40F6ED4F500ABF852 /* group.cc */ = {isa = PBXFileReference; fileEncoding = 4; lastKnownFileType = sourcecode.cpp.cpp; name = group.cc; path = ../group.cc; sourceTree = SOURCE_ROOT; };
		5B7207A50F6ED4F500ABF852 /* format.cc */ = {isa = PBXFileReference; fileEncoding = 4; lastKnownFileType = sourcecode.cpp.cpp; name = format.cc; path = ../format.cc; sourceTree = SOURCE_ROOT; };
		5B7207A60F6ED4F500ABF852 /* errmsg.h */ = {isa = PBXFileReference; fileEncoding = 4; lastKnownFileType = sourcecode.c.h; name = errmsg.h; path = ../errmsg.h; sourceTree = SOURCE_ROOT; };
		5B7207A70F6ED4F500ABF852 /* errmsg.cc */ = {isa = PBXFileReference; fileEncoding = 4; lastKnownFileType = sourcecode.cpp.cpp; name = errmsg.cc; path = ../errmsg.cc; sourceTree = SOURCE_ROOT; };
		5B7207A80F6ED4F500ABF852 /* entry.h */ = {isa = PBXFileReference; fileEncoding = 4; lastKnownFileType = sourcecode.c.h; name = entry.h; path = ../entry.h; sourceTree = SOURCE_ROOT; };
		5B7207A90F6ED4F500ABF852 /* entrythread.cc */ = {isa = PBXFileReference; fileEncoding = 4; lastKnownFileType = sourcecode.cpp.cpp; name = entrythread.cc; path = ../entrythread.cc; sourceTree = SOURCE_ROOT; };
		5B7207AA0F6ED4F500ABF852 /* entrythread.h */ = {isa = PBXFileReference; fileEncoding = 4; lastKnownFileType = sourcecode.c.h; name = entrythread.h; path = ../entrythread.h; sourceTree = SOURCE_ROOT; };
		5B7207AB0F6ED4F500ABF852 /* entity.cc */ = {isa = PBXFileReference; fileEncoding = 4; lastKnownFileType = sourcecode.cpp.cpp; name = entity.cc; path = ../entity.cc; sourceTree = SOURCE_ROOT; };
		5B7207AC0F6ED4F500ABF852 /* entity.h */ = {isa = PBXFileReference; fileEncoding = 4; lastKnownFileType = sourcecode.c.h; name = entity.h; path = ../entity.h; sourceTree = SOURCE_ROOT; };
		5B7207AD0F6ED4F500ABF852 /* entry.cc */ = {isa = PBXFileReference; fileEncoding = 4; lastKnownFileType = sourcecode.cpp.cpp; name = entry.cc; path = ../entry.cc; sourceTree = SOURCE_ROOT; };
		5B7207AE0F6ED4F500ABF852 /* dim.h */ = {isa = PBXFileReference; fileEncoding = 4; lastKnownFileType = sourcecode.c.h; name = dim.h; path = ../dim.h; sourceTree = SOURCE_ROOT; };
		5B7207AF0F6ED4F500ABF852 /* dim.cc */ = {isa = PBXFileReference; fileEncoding = 4; lastKnownFileType = sourcecode.cpp.cpp; name = dim.cc; path = ../dim.cc; sourceTree = SOURCE_ROOT; };
		5B7207B00F6ED4F500ABF852 /* cltn.h */ = {isa = PBXFileReference; fileEncoding = 4; lastKnownFileType = sourcecode.c.h; name = cltn.h; path = ../cltn.h; sourceTree = SOURCE_ROOT; };
		5B7207B10F6ED4F500ABF852 /* call.h */ = {isa = PBXFileReference; fileEncoding = 4; lastKnownFileType = sourcecode.c.h; name = call.h; path = ../call.h; sourceTree = SOURCE_ROOT; };
		5B7207B20F6ED4F500ABF852 /* call.cc */ = {isa = PBXFileReference; fileEncoding = 4; lastKnownFileType = sourcecode.cpp.cpp; name = call.cc; path = ../call.cc; sourceTree = SOURCE_ROOT; };
		5B7207B30F6ED4F500ABF852 /* cltn.cc */ = {isa = PBXFileReference; fileEncoding = 4; lastKnownFileType = sourcecode.cpp.cpp; name = cltn.cc; path = ../cltn.cc; sourceTree = SOURCE_ROOT; };
		5B7207B40F6ED4F500ABF852 /* actlist.h */ = {isa = PBXFileReference; fileEncoding = 4; lastKnownFileType = sourcecode.c.h; name = actlist.h; path = ../actlist.h; sourceTree = SOURCE_ROOT; };
		5B7207B50F6ED4F500ABF852 /* activity.cc */ = {isa = PBXFileReference; fileEncoding = 4; lastKnownFileType = sourcecode.cpp.cpp; name = activity.cc; path = ../activity.cc; sourceTree = SOURCE_ROOT; };
		5B7207B60F6ED4F500ABF852 /* activity.h */ = {isa = PBXFileReference; fileEncoding = 4; lastKnownFileType = sourcecode.c.h; name = activity.h; path = ../activity.h; sourceTree = SOURCE_ROOT; };
		5B7207B70F6ED4F500ABF852 /* actlist.cc */ = {isa = PBXFileReference; fileEncoding = 4; lastKnownFileType = sourcecode.cpp.cpp; name = actlist.cc; path = ../actlist.cc; sourceTree = SOURCE_ROOT; };
		8DD76F6C0486A84900D96B5E /* lqns2 */ = {isa = PBXFileReference; explicitFileType = "compiled.mach-o.executable"; includeInIndex = 0; path = lqns2; sourceTree = BUILT_PRODUCTS_DIR; };
		C6859E8B029090EE04C91782 /* lqns2.1 */ = {isa = PBXFileReference; lastKnownFileType = text.man; path = lqns2.1; sourceTree = "<group>"; };
/* End PBXFileReference section */

/* Begin PBXFrameworksBuildPhase section */
		8DD76F660486A84900D96B5E /* Frameworks */ = {
			isa = PBXFrameworksBuildPhase;
			buildActionMask = 2147483647;
			files = (
				5B62DC220F6AD7E900F18E8D /* liblqio.dylib in Frameworks */,
				5B62DC2D0F6AD9F600F18E8D /* liblqx.dylib in Frameworks */,
			);
			runOnlyForDeploymentPostprocessing = 0;
		};
/* End PBXFrameworksBuildPhase section */

/* Begin PBXGroup section */
		08FB7794FE84155DC02AAC07 /* lqns2 */ = {
			isa = PBXGroup;
			children = (
				08FB7795FE84155DC02AAC07 /* Source */,
				5B62DC200F6AD79D00F18E8D /* Libraries */,
				C6859E8C029090F304C91782 /* Documentation */,
				1AB674ADFE9D54B511CA2CBB /* Products */,
			);
			name = lqns2;
			sourceTree = "<group>";
		};
		08FB7795FE84155DC02AAC07 /* Source */ = {
			isa = PBXGroup;
			children = (
				5B7207680F6ED4F500ABF852 /* vector.h */,
				5B7207690F6ED4F500ABF852 /* vector.cc */,
				5B72076A0F6ED4F500ABF852 /* variance.h */,
				5B72076B0F6ED4F500ABF852 /* variance.cc */,
				5B72076C0F6ED4F500ABF852 /* task.h */,
				5B72076D0F6ED4F500ABF852 /* task.cc */,
				5B72076E0F6ED4F500ABF852 /* synmodel.h */,
				5B7207740F6ED4F500ABF852 /* synmodel.cc */,
				5B7207720F6ED4F500ABF852 /* syncserv.h */,
				5B72076F0F6ED4F500ABF852 /* syncserv.cc */,
				5B7207700F6ED4F500ABF852 /* store.h */,
				5B7207750F6ED4F500ABF852 /* store.cc */,
				5B7207730F6ED4F500ABF852 /* submodel.h */,
				5B7207710F6ED4F500ABF852 /* submodel.cc */,
				5B7207760F6ED4F500ABF852 /* stack.h */,
				5B7207770F6ED4F500ABF852 /* stack.cc */,
				5B7207780F6ED4F500ABF852 /* server.h */,
				5B72077D0F6ED4F500ABF852 /* server.cc */,
				5B72077A0F6ED4F500ABF852 /* slice.h */,
				5B7207790F6ED4F500ABF852 /* slice.cc */,
				5B72077C0F6ED4F500ABF852 /* report.h */,
				5B72077B0F6ED4F500ABF852 /* report.cc */,
				5B72077E0F6ED4F500ABF852 /* randomvar.h */,
				5B7207840F6ED4F500ABF852 /* randomvar.cc */,
				5B7207820F6ED4F500ABF852 /* proc.h */,
				5B72077F0F6ED4F500ABF852 /* proc.cc */,
				5B7207800F6ED4F500ABF852 /* pragma.h */,
				5B7207850F6ED4F500ABF852 /* pragma.cc */,
				5B7207830F6ED4F500ABF852 /* prob.h */,
				5B7207810F6ED4F500ABF852 /* prob.cc */,
				5B7207860F6ED4F500ABF852 /* pop.h */,
				5B72078A0F6ED4F500ABF852 /* pop.cc */,
				5B7207880F6ED4F500ABF852 /* phase.h */,
				5B7207870F6ED4F500ABF852 /* phase.cc */,
				5B7207890F6ED4F500ABF852 /* ph2serv.h */,
				5B72078D0F6ED4F500ABF852 /* ph2serv.cc */,
				5B72078C0F6ED4F500ABF852 /* overtake.h */,
				5B72078B0F6ED4F500ABF852 /* overtake.cc */,
				5B72078E0F6ED4F500ABF852 /* open.h */,
				5B72078F0F6ED4F500ABF852 /* open.cc */,
				5B7207910F6ED4F500ABF852 /* mva.h */,
				5B7207900F6ED4F500ABF852 /* mva.cc */,
				5B7207920F6ED4F500ABF852 /* multserv.h */,
				5B7207940F6ED4F500ABF852 /* multserv.cc */,
				5B7207930F6ED4F500ABF852 /* lqns.h */,
				5B7207950F6ED4F500ABF852 /* lqns.cc */,
				5B7207970F6ED4F500ABF852 /* load.h */,
				5B7207960F6ED4F500ABF852 /* load.cc */,
				5B7207990F6ED4F500ABF852 /* layerize.h */,
				5B7207980F6ED4F500ABF852 /* layerize.cc */,
				5B72079B0F6ED4F500ABF852 /* interlock.h */,
				5B72079A0F6ED4F500ABF852 /* interlock.cc */,
				5B72079C0F6ED4F500ABF852 /* help.h */,
				5B72079D0F6ED4F500ABF852 /* help.cc */,
				5B72079E0F6ED4F500ABF852 /* group.h */,
				5B7207A40F6ED4F500ABF852 /* group.cc */,
				5B7207A20F6ED4F500ABF852 /* generate.h */,
				5B72079F0F6ED4F500ABF852 /* generate.cc */,
				5B7207A00F6ED4F500ABF852 /* format.h */,
				5B7207A50F6ED4F500ABF852 /* format.cc */,
				5B7207A30F6ED4F500ABF852 /* fpgoop.h */,
				5B7207A10F6ED4F500ABF852 /* fpgoop.cc */,
				5B7207A60F6ED4F500ABF852 /* errmsg.h */,
				5B7207A70F6ED4F500ABF852 /* errmsg.cc */,
				5B7207A80F6ED4F500ABF852 /* entry.h */,
				5B7207AD0F6ED4F500ABF852 /* entry.cc */,
				5B7207AA0F6ED4F500ABF852 /* entrythread.h */,
				5B7207A90F6ED4F500ABF852 /* entrythread.cc */,
				5B7207AC0F6ED4F500ABF852 /* entity.h */,
				5B7207AB0F6ED4F500ABF852 /* entity.cc */,
				5B7207AE0F6ED4F500ABF852 /* dim.h */,
				5B7207AF0F6ED4F500ABF852 /* dim.cc */,
				5B7207B00F6ED4F500ABF852 /* cltn.h */,
				5B7207B30F6ED4F500ABF852 /* cltn.cc */,
				5B7207B10F6ED4F500ABF852 /* call.h */,
				5B7207B20F6ED4F500ABF852 /* call.cc */,
				5B7207B60F6ED4F500ABF852 /* activity.h */,
				5B7207B50F6ED4F500ABF852 /* activity.cc */,
				5B7207B40F6ED4F500ABF852 /* actlist.h */,
				5B7207B70F6ED4F500ABF852 /* actlist.cc */,
			);
			name = Source;
			sourceTree = "<group>";
		};
		1AB674ADFE9D54B511CA2CBB /* Products */ = {
			isa = PBXGroup;
			children = (
				8DD76F6C0486A84900D96B5E /* lqns2 */,
			);
			name = Products;
			sourceTree = "<group>";
		};
		5B62DC200F6AD79D00F18E8D /* Libraries */ = {
			isa = PBXGroup;
			children = (
				5B62DC210F6AD7E900F18E8D /* liblqio.dylib */,
				5B62DC2C0F6AD9F600F18E8D /* liblqx.dylib */,
			);
			name = Libraries;
			sourceTree = "<group>";
		};
		C6859E8C029090F304C91782 /* Documentation */ = {
			isa = PBXGroup;
			children = (
				C6859E8B029090EE04C91782 /* lqns2.1 */,
			);
			name = Documentation;
			sourceTree = "<group>";
		};
/* End PBXGroup section */

/* Begin PBXNativeTarget section */
		8DD76F620486A84900D96B5E /* lqns2 */ = {
			isa = PBXNativeTarget;
			buildConfigurationList = 1DEB923108733DC60010E9CD /* Build configuration list for PBXNativeTarget "lqns2" */;
			buildPhases = (
				8DD76F640486A84900D96B5E /* Sources */,
				8DD76F660486A84900D96B5E /* Frameworks */,
				8DD76F690486A84900D96B5E /* CopyFiles */,
			);
			buildRules = (
			);
			dependencies = (
			);
			name = lqns2;
			productInstallPath = "$(HOME)/bin";
			productName = lqns2;
			productReference = 8DD76F6C0486A84900D96B5E /* lqns2 */;
			productType = "com.apple.product-type.tool";
		};
/* End PBXNativeTarget section */

/* Begin PBXProject section */
		08FB7793FE84155DC02AAC07 /* Project object */ = {
			isa = PBXProject;
			buildConfigurationList = 1DEB923508733DC60010E9CD /* Build configuration list for PBXProject "lqns2" */;
			compatibilityVersion = "Xcode 3.1";
			hasScannedForEncodings = 1;
			mainGroup = 08FB7794FE84155DC02AAC07 /* lqns2 */;
			projectDirPath = "";
			projectRoot = "";
			targets = (
				8DD76F620486A84900D96B5E /* lqns2 */,
			);
		};
/* End PBXProject section */

/* Begin PBXSourcesBuildPhase section */
		8DD76F640486A84900D96B5E /* Sources */ = {
			isa = PBXSourcesBuildPhase;
			buildActionMask = 2147483647;
			files = (
				5B7207B80F6ED4F500ABF852 /* vector.cc in Sources */,
				5B7207B90F6ED4F500ABF852 /* variance.cc in Sources */,
				5B7207BA0F6ED4F500ABF852 /* task.cc in Sources */,
				5B7207BC0F6ED4F500ABF852 /* submodel.cc in Sources */,
				5B7207BD0F6ED4F500ABF852 /* synmodel.cc in Sources */,
				5B7207BE0F6ED4F500ABF852 /* store.cc in Sources */,
				5B7207BF0F6ED4F500ABF852 /* stack.cc in Sources */,
				5B7207C00F6ED4F500ABF852 /* slice.cc in Sources */,
				5B7207C10F6ED4F500ABF852 /* report.cc in Sources */,
				5B7207C20F6ED4F500ABF852 /* server.cc in Sources */,
				5B7207C30F6ED4F500ABF852 /* proc.cc in Sources */,
				5B7207C40F6ED4F500ABF852 /* prob.cc in Sources */,
				5B7207C50F6ED4F500ABF852 /* randomvar.cc in Sources */,
				5B7207C60F6ED4F500ABF852 /* pragma.cc in Sources */,
				5B7207C70F6ED4F500ABF852 /* phase.cc in Sources */,
				5B7207C80F6ED4F500ABF852 /* pop.cc in Sources */,
				5B7207C90F6ED4F500ABF852 /* overtake.cc in Sources */,
				5B7207CA0F6ED4F500ABF852 /* ph2serv.cc in Sources */,
				5B7207CB0F6ED4F500ABF852 /* open.cc in Sources */,
				5B7207CC0F6ED4F500ABF852 /* mva.cc in Sources */,
				5B7207CD0F6ED4F500ABF852 /* multserv.cc in Sources */,
				5B7207CE0F6ED4F500ABF852 /* lqns.cc in Sources */,
				5B7207CF0F6ED4F500ABF852 /* load.cc in Sources */,
				5B7207D00F6ED4F500ABF852 /* layerize.cc in Sources */,
				5B7207D10F6ED4F500ABF852 /* interlock.cc in Sources */,
				5B7207D20F6ED4F500ABF852 /* help.cc in Sources */,
				5B7207D30F6ED4F500ABF852 /* generate.cc in Sources */,
				5B7207D40F6ED4F500ABF852 /* fpgoop.cc in Sources */,
				5B7207D50F6ED4F500ABF852 /* group.cc in Sources */,
				5B7207D60F6ED4F500ABF852 /* format.cc in Sources */,
				5B7207D70F6ED4F500ABF852 /* errmsg.cc in Sources */,
				5B7207D80F6ED4F500ABF852 /* entrythread.cc in Sources */,
				5B7207D90F6ED4F500ABF852 /* entity.cc in Sources */,
				5B7207DA0F6ED4F500ABF852 /* entry.cc in Sources */,
				5B7207DB0F6ED4F500ABF852 /* dim.cc in Sources */,
				5B7207DC0F6ED4F500ABF852 /* call.cc in Sources */,
				5B7207DD0F6ED4F500ABF852 /* cltn.cc in Sources */,
				5B7207DE0F6ED4F500ABF852 /* activity.cc in Sources */,
				5B7207DF0F6ED4F500ABF852 /* actlist.cc in Sources */,
			);
			runOnlyForDeploymentPostprocessing = 0;
		};
/* End PBXSourcesBuildPhase section */

/* Begin XCBuildConfiguration section */
		1DEB923208733DC60010E9CD /* Debug */ = {
			isa = XCBuildConfiguration;
			buildSettings = {
				ALWAYS_SEARCH_USER_PATHS = NO;
				COPY_PHASE_STRIP = NO;
				GCC_DYNAMIC_NO_PIC = NO;
				GCC_ENABLE_FIX_AND_CONTINUE = YES;
				GCC_MODEL_TUNING = G5;
				GCC_OPTIMIZATION_LEVEL = 0;
				GCC_PREPROCESSOR_DEFINITIONS = (
					"HAVE_SNPRINTF=1",
					"_GLIBCXX_DEBUG=1",
					"_GLIBCXX_DEBUG_PEDANTIC=1",
				);
				INSTALL_PATH = /usr/local/bin;
				LIBRARY_SEARCH_PATHS = (
					"$(inherited)",
					"\"$(SRCROOT)/../../lqiolib/src/.libs\"",
					"\"$(SRCROOT)/../../lqx/libsrc/.libs\"",
				);
				PRODUCT_NAME = lqns2;
			};
			name = Debug;
		};
		1DEB923308733DC60010E9CD /* Release */ = {
			isa = XCBuildConfiguration;
			buildSettings = {
				ALWAYS_SEARCH_USER_PATHS = NO;
				DEBUG_INFORMATION_FORMAT = "dwarf-with-dsym";
				GCC_MODEL_TUNING = G5;
				INSTALL_PATH = /usr/local/bin;
				LIBRARY_SEARCH_PATHS = (
					"$(inherited)",
					"\"$(SRCROOT)/../../lqiolib/src/.libs\"",
					"\"$(SRCROOT)/../../lqx/libsrc/.libs\"",
				);
				PRODUCT_NAME = lqns2;
			};
			name = Release;
		};
		1DEB923608733DC60010E9CD /* Debug */ = {
			isa = XCBuildConfiguration;
			buildSettings = {
				ARCHS = "$(ARCHS_STANDARD_32_BIT)";
				GCC_C_LANGUAGE_STANDARD = c99;
				GCC_OPTIMIZATION_LEVEL = 2;
				GCC_WARN_ABOUT_RETURN_TYPE = YES;
				GCC_WARN_UNUSED_VARIABLE = YES;
				ONLY_ACTIVE_ARCH = YES;
				OTHER_CFLAGS = (
					"-isystem",
					../../lqx/libsrc/headers,
					"-isystem",
					../../lqiolib/src/headers,
					"-isystem",
					../,
					"-DDEBUG_MESSAGES",
				);
				PREBINDING = NO;
				SDKROOT = macosx10.5;
			};
			name = Debug;
		};
		1DEB923708733DC60010E9CD /* Release */ = {
			isa = XCBuildConfiguration;
			buildSettings = {
				ARCHS = "$(ARCHS_STANDARD_32_BIT)";
				GCC_C_LANGUAGE_STANDARD = c99;
				GCC_OPTIMIZATION_LEVEL = 0;
				GCC_WARN_ABOUT_RETURN_TYPE = YES;
				GCC_WARN_UNUSED_VARIABLE = YES;
				ONLY_ACTIVE_ARCH = YES;
				OTHER_CFLAGS = (
					"-isystem",
					../../lqx/libsrc/headers,
					"-isystem",
					../../lqiolib/src/headers,
					"-isystem",
					../,
				);
				PREBINDING = NO;
				SDKROOT = macosx10.5;
			};
			name = Release;
		};
/* End XCBuildConfiguration section */

/* Begin XCConfigurationList section */
		1DEB923108733DC60010E9CD /* Build configuration list for PBXNativeTarget "lqns2" */ = {
			isa = XCConfigurationList;
			buildConfigurations = (
				1DEB923208733DC60010E9CD /* Debug */,
				1DEB923308733DC60010E9CD /* Release */,
			);
			defaultConfigurationIsVisible = 0;
			defaultConfigurationName = Release;
		};
		1DEB923508733DC60010E9CD /* Build configuration list for PBXProject "lqns2" */ = {
			isa = XCConfigurationList;
			buildConfigurations = (
				1DEB923608733DC60010E9CD /* Debug */,
				1DEB923708733DC60010E9CD /* Release */,
			);
			defaultConfigurationIsVisible = 0;
			defaultConfigurationName = Release;
		};
/* End XCConfigurationList section */
	};
	rootObject = 08FB7793FE84155DC02AAC07 /* Project object */;
}
